<?xml version="1.0" encoding="utf-8"?>
<Project ToolsVersion="4.0" xmlns="http://schemas.microsoft.com/developer/msbuild/2003">
  <ItemGroup>
    <Filter Include="Исходные файлы">
      <UniqueIdentifier>{4FC737F1-C7A5-4376-A066-2A32D752A2FF}</UniqueIdentifier>
      <Extensions>cpp;c;cc;cxx;def;odl;idl;hpj;bat;asm;asmx</Extensions>
    </Filter>
    <Filter Include="Файлы заголовков">
      <UniqueIdentifier>{93995380-89BD-4b04-88EB-625FBE52EBFB}</UniqueIdentifier>
      <Extensions>h;hh;hpp;hxx;hm;inl;inc;ipp;xsd</Extensions>
    </Filter>
    <Filter Include="Файлы ресурсов">
      <UniqueIdentifier>{67DA6AB6-F800-4c08-8B7A-83BB121AAD01}</UniqueIdentifier>
      <Extensions>rc;ico;cur;bmp;dlg;rc2;rct;bin;rgs;gif;jpg;jpeg;jpe;resx;tiff;tif;png;wav;mfcribbon-ms</Extensions>
    </Filter>
  </ItemGroup>
  <ItemGroup>
    <ClCompile Include="src\Clip.c">
      <Filter>Исходные файлы</Filter>
    </ClCompile>
    <ClCompile Include="src\ClipDecode.c">
      <Filter>Исходные файлы</Filter>
    </ClCompile>
    <ClCompile Include="src\ClipEncode.c">
      <Filter>Исходные файлы</Filter>
    </ClCompile>
    <ClCompile Include="src\LinkedListAPI.c">
      <Filter>Исходные файлы</Filter>
    </ClCompile>
    <ClCompile Include="src\OutputContext.c">
      <Filter>Исходные файлы</Filter>
    </ClCompile>
    <ClCompile Include="src\Sequence.c">
      <Filter>Исходные файлы</Filter>
    </ClCompile>
    <ClCompile Include="src\SequenceDecode.c">
      <Filter>Исходные файлы</Filter>
    </ClCompile>
    <ClCompile Include="src\SequenceEncode.c">
      <Filter>Исходные файлы</Filter>
    </ClCompile>
    <ClCompile Include="src\Timebase.c">
      <Filter>Исходные файлы</Filter>
    </ClCompile>
    <ClCompile Include="src\Util.c">
      <Filter>Исходные файлы</Filter>
    </ClCompile>
    <ClCompile Include="src\VideoContext.c">
      <Filter>Исходные файлы</Filter>
    </ClCompile>
    <ClCompile Include="examples\random-splice.c">
      <Filter>Исходные файлы</Filter>
    </ClCompile>
  </ItemGroup>
  <ItemGroup>
    <ClInclude Include="include\Clip.h">
      <Filter>Файлы заголовков</Filter>
    </ClInclude>
    <ClInclude Include="include\ClipDecode.h">
      <Filter>Файлы заголовков</Filter>
    </ClInclude>
    <ClInclude Include="include\ClipEncode.h">
      <Filter>Файлы заголовков</Filter>
    </ClInclude>
    <ClInclude Include="include\LinkedListAPI.h">
      <Filter>Файлы заголовков</Filter>
    </ClInclude>
    <ClInclude Include="include\OutputContext.h">
      <Filter>Файлы заголовков</Filter>
    </ClInclude>
    <ClInclude Include="include\OutputContextStructs.h">
      <Filter>Файлы заголовков</Filter>
    </ClInclude>
    <ClInclude Include="include\RandomSplice.h">
      <Filter>Файлы заголовков</Filter>
    </ClInclude>
    <ClInclude Include="include\Sequence.h">
      <Filter>Файлы заголовков</Filter>
    </ClInclude>
    <ClInclude Include="include\SequenceDecode.h">
      <Filter>Файлы заголовков</Filter>
    </ClInclude>
    <ClInclude Include="include\SequenceEncode.h">
      <Filter>Файлы заголовков</Filter>
    </ClInclude>
    <ClInclude Include="include\Timebase.h">
      <Filter>Файлы заголовков</Filter>
    </ClInclude>
    <ClInclude Include="include\Util.h">
      <Filter>Файлы заголовков</Filter>
    </ClInclude>
    <ClInclude Include="include\VideoContext.h">
      <Filter>Файлы заголовков</Filter>
    </ClInclude>
    <ClInclude Include="include\libavcodec\ac3_parser.h">
      <Filter>Файлы заголовков</Filter>
    </ClInclude>
    <ClInclude Include="include\libavcodec\adts_parser.h">
      <Filter>Файлы заголовков</Filter>
    </ClInclude>
    <ClInclude Include="include\libavcodec\avcodec.h">
      <Filter>Файлы заголовков</Filter>
    </ClInclude>
    <ClInclude Include="include\libavcodec\avdct.h">
      <Filter>Файлы заголовков</Filter>
    </ClInclude>
    <ClInclude Include="include\libavcodec\avfft.h">
      <Filter>Файлы заголовков</Filter>
    </ClInclude>
    <ClInclude Include="include\libavcodec\d3d11va.h">
      <Filter>Файлы заголовков</Filter>
    </ClInclude>
    <ClInclude Include="include\libavcodec\dirac.h">
      <Filter>Файлы заголовков</Filter>
    </ClInclude>
    <ClInclude Include="include\libavcodec\dv_profile.h">
      <Filter>Файлы заголовков</Filter>
    </ClInclude>
    <ClInclude Include="include\libavcodec\dxva2.h">
      <Filter>Файлы заголовков</Filter>
    </ClInclude>
    <ClInclude Include="include\libavcodec\jni.h">
      <Filter>Файлы заголовков</Filter>
    </ClInclude>
    <ClInclude Include="include\libavcodec\mediacodec.h">
      <Filter>Файлы заголовков</Filter>
    </ClInclude>
    <ClInclude Include="include\libavcodec\qsv.h">
      <Filter>Файлы заголовков</Filter>
    </ClInclude>
    <ClInclude Include="include\libavcodec\vaapi.h">
      <Filter>Файлы заголовков</Filter>
    </ClInclude>
    <ClInclude Include="include\libavcodec\vdpau.h">
      <Filter>Файлы заголовков</Filter>
    </ClInclude>
    <ClInclude Include="include\libavcodec\version.h">
      <Filter>Файлы заголовков</Filter>
    </ClInclude>
    <ClInclude Include="include\libavcodec\videotoolbox.h">
      <Filter>Файлы заголовков</Filter>
    </ClInclude>
    <ClInclude Include="include\libavcodec\vorbis_parser.h">
      <Filter>Файлы заголовков</Filter>
    </ClInclude>
    <ClInclude Include="include\libavcodec\xvmc.h">
      <Filter>Файлы заголовков</Filter>
    </ClInclude>
    <ClInclude Include="include\libavdevice\avdevice.h">
      <Filter>Файлы заголовков</Filter>
    </ClInclude>
    <ClInclude Include="include\libavdevice\version.h">
      <Filter>Файлы заголовков</Filter>
    </ClInclude>
    <ClInclude Include="include\libavfilter\avfilter.h">
      <Filter>Файлы заголовков</Filter>
    </ClInclude>
    <ClInclude Include="include\libavfilter\buffersink.h">
      <Filter>Файлы заголовков</Filter>
    </ClInclude>
    <ClInclude Include="include\libavfilter\buffersrc.h">
      <Filter>Файлы заголовков</Filter>
    </ClInclude>
    <ClInclude Include="include\libavfilter\version.h">
      <Filter>Файлы заголовков</Filter>
    </ClInclude>
    <ClInclude Include="include\libavformat\avformat.h">
      <Filter>Файлы заголовков</Filter>
    </ClInclude>
    <ClInclude Include="include\libavformat\avio.h">
      <Filter>Файлы заголовков</Filter>
    </ClInclude>
    <ClInclude Include="include\libavformat\version.h">
      <Filter>Файлы заголовков</Filter>
    </ClInclude>
    <ClInclude Include="include\libavutil\adler32.h">
      <Filter>Файлы заголовков</Filter>
    </ClInclude>
    <ClInclude Include="include\libavutil\aes.h">
      <Filter>Файлы заголовков</Filter>
    </ClInclude>
    <ClInclude Include="include\libavutil\aes_ctr.h">
      <Filter>Файлы заголовков</Filter>
    </ClInclude>
    <ClInclude Include="include\libavutil\attributes.h">
      <Filter>Файлы заголовков</Filter>
    </ClInclude>
    <ClInclude Include="include\libavutil\audio_fifo.h">
      <Filter>Файлы заголовков</Filter>
    </ClInclude>
    <ClInclude Include="include\libavutil\avassert.h">
      <Filter>Файлы заголовков</Filter>
    </ClInclude>
    <ClInclude Include="include\libavutil\avconfig.h">
      <Filter>Файлы заголовков</Filter>
    </ClInclude>
    <ClInclude Include="include\libavutil\avstring.h">
      <Filter>Файлы заголовков</Filter>
    </ClInclude>
    <ClInclude Include="include\libavutil\avutil.h">
      <Filter>Файлы заголовков</Filter>
    </ClInclude>
    <ClInclude Include="include\libavutil\base64.h">
      <Filter>Файлы заголовков</Filter>
    </ClInclude>
    <ClInclude Include="include\libavutil\blowfish.h">
      <Filter>Файлы заголовков</Filter>
    </ClInclude>
    <ClInclude Include="include\libavutil\bprint.h">
      <Filter>Файлы заголовков</Filter>
    </ClInclude>
    <ClInclude Include="include\libavutil\bswap.h">
      <Filter>Файлы заголовков</Filter>
    </ClInclude>
    <ClInclude Include="include\libavutil\buffer.h">
      <Filter>Файлы заголовков</Filter>
    </ClInclude>
    <ClInclude Include="include\libavutil\camellia.h">
      <Filter>Файлы заголовков</Filter>
    </ClInclude>
    <ClInclude Include="include\libavutil\cast5.h">
      <Filter>Файлы заголовков</Filter>
    </ClInclude>
    <ClInclude Include="include\libavutil\channel_layout.h">
      <Filter>Файлы заголовков</Filter>
    </ClInclude>
    <ClInclude Include="include\libavutil\common.h">
      <Filter>Файлы заголовков</Filter>
    </ClInclude>
    <ClInclude Include="include\libavutil\cpu.h">
      <Filter>Файлы заголовков</Filter>
    </ClInclude>
    <ClInclude Include="include\libavutil\crc.h">
      <Filter>Файлы заголовков</Filter>
    </ClInclude>
    <ClInclude Include="include\libavutil\des.h">
      <Filter>Файлы заголовков</Filter>
    </ClInclude>
    <ClInclude Include="include\libavutil\dict.h">
      <Filter>Файлы заголовков</Filter>
    </ClInclude>
    <ClInclude Include="include\libavutil\display.h">
      <Filter>Файлы заголовков</Filter>
    </ClInclude>
    <ClInclude Include="include\libavutil\downmix_info.h">
      <Filter>Файлы заголовков</Filter>
    </ClInclude>
    <ClInclude Include="include\libavutil\encryption_info.h">
      <Filter>Файлы заголовков</Filter>
    </ClInclude>
    <ClInclude Include="include\libavutil\error.h">
      <Filter>Файлы заголовков</Filter>
    </ClInclude>
    <ClInclude Include="include\libavutil\eval.h">
      <Filter>Файлы заголовков</Filter>
    </ClInclude>
    <ClInclude Include="include\libavutil\ffversion.h">
      <Filter>Файлы заголовков</Filter>
    </ClInclude>
    <ClInclude Include="include\libavutil\fifo.h">
      <Filter>Файлы заголовков</Filter>
    </ClInclude>
    <ClInclude Include="include\libavutil\file.h">
      <Filter>Файлы заголовков</Filter>
    </ClInclude>
    <ClInclude Include="include\libavutil\frame.h">
      <Filter>Файлы заголовков</Filter>
    </ClInclude>
    <ClInclude Include="include\libavutil\hash.h">
      <Filter>Файлы заголовков</Filter>
    </ClInclude>
    <ClInclude Include="include\libavutil\hdr_dynamic_metadata.h">
      <Filter>Файлы заголовков</Filter>
    </ClInclude>
    <ClInclude Include="include\libavutil\hmac.h">
      <Filter>Файлы заголовков</Filter>
    </ClInclude>
    <ClInclude Include="include\libavutil\hwcontext.h">
      <Filter>Файлы заголовков</Filter>
    </ClInclude>
    <ClInclude Include="include\libavutil\hwcontext_cuda.h">
      <Filter>Файлы заголовков</Filter>
    </ClInclude>
    <ClInclude Include="include\libavutil\hwcontext_d3d11va.h">
      <Filter>Файлы заголовков</Filter>
    </ClInclude>
    <ClInclude Include="include\libavutil\hwcontext_drm.h">
      <Filter>Файлы заголовков</Filter>
    </ClInclude>
    <ClInclude Include="include\libavutil\hwcontext_dxva2.h">
      <Filter>Файлы заголовков</Filter>
    </ClInclude>
    <ClInclude Include="include\libavutil\hwcontext_mediacodec.h">
      <Filter>Файлы заголовков</Filter>
    </ClInclude>
    <ClInclude Include="include\libavutil\hwcontext_qsv.h">
      <Filter>Файлы заголовков</Filter>
    </ClInclude>
    <ClInclude Include="include\libavutil\hwcontext_vaapi.h">
      <Filter>Файлы заголовков</Filter>
    </ClInclude>
    <ClInclude Include="include\libavutil\hwcontext_vdpau.h">
      <Filter>Файлы заголовков</Filter>
    </ClInclude>
    <ClInclude Include="include\libavutil\hwcontext_videotoolbox.h">
      <Filter>Файлы заголовков</Filter>
    </ClInclude>
    <ClInclude Include="include\libavutil\imgutils.h">
      <Filter>Файлы заголовков</Filter>
    </ClInclude>
    <ClInclude Include="include\libavutil\intfloat.h">
      <Filter>Файлы заголовков</Filter>
    </ClInclude>
    <ClInclude Include="include\libavutil\intreadwrite.h">
      <Filter>Файлы заголовков</Filter>
    </ClInclude>
    <ClInclude Include="include\libavutil\lfg.h">
      <Filter>Файлы заголовков</Filter>
    </ClInclude>
    <ClInclude Include="include\libavutil\log.h">
      <Filter>Файлы заголовков</Filter>
    </ClInclude>
    <ClInclude Include="include\libavutil\lzo.h">
      <Filter>Файлы заголовков</Filter>
    </ClInclude>
    <ClInclude Include="include\libavutil\macros.h">
      <Filter>Файлы заголовков</Filter>
    </ClInclude>
    <ClInclude Include="include\libavutil\mastering_display_metadata.h">
      <Filter>Файлы заголовков</Filter>
    </ClInclude>
    <ClInclude Include="include\libavutil\mathematics.h">
      <Filter>Файлы заголовков</Filter>
    </ClInclude>
    <ClInclude Include="include\libavutil\md5.h">
      <Filter>Файлы заголовков</Filter>
    </ClInclude>
    <ClInclude Include="include\libavutil\mem.h">
      <Filter>Файлы заголовков</Filter>
    </ClInclude>
    <ClInclude Include="include\libavutil\motion_vector.h">
      <Filter>Файлы заголовков</Filter>
    </ClInclude>
    <ClInclude Include="include\libavutil\murmur3.h">
      <Filter>Файлы заголовков</Filter>
    </ClInclude>
    <ClInclude Include="include\libavutil\opt.h">
      <Filter>Файлы заголовков</Filter>
    </ClInclude>
    <ClInclude Include="include\libavutil\parseutils.h">
      <Filter>Файлы заголовков</Filter>
    </ClInclude>
    <ClInclude Include="include\libavutil\pixdesc.h">
      <Filter>Файлы заголовков</Filter>
    </ClInclude>
    <ClInclude Include="include\libavutil\pixelutils.h">
      <Filter>Файлы заголовков</Filter>
    </ClInclude>
    <ClInclude Include="include\libavutil\pixfmt.h">
      <Filter>Файлы заголовков</Filter>
    </ClInclude>
    <ClInclude Include="include\libavutil\random_seed.h">
      <Filter>Файлы заголовков</Filter>
    </ClInclude>
    <ClInclude Include="include\libavutil\rational.h">
      <Filter>Файлы заголовков</Filter>
    </ClInclude>
    <ClInclude Include="include\libavutil\rc4.h">
      <Filter>Файлы заголовков</Filter>
    </ClInclude>
    <ClInclude Include="include\libavutil\replaygain.h">
      <Filter>Файлы заголовков</Filter>
    </ClInclude>
    <ClInclude Include="include\libavutil\ripemd.h">
      <Filter>Файлы заголовков</Filter>
    </ClInclude>
    <ClInclude Include="include\libavutil\samplefmt.h">
      <Filter>Файлы заголовков</Filter>
    </ClInclude>
    <ClInclude Include="include\libavutil\sha.h">
      <Filter>Файлы заголовков</Filter>
    </ClInclude>
    <ClInclude Include="include\libavutil\sha512.h">
      <Filter>Файлы заголовков</Filter>
    </ClInclude>
    <ClInclude Include="include\libavutil\spherical.h">
      <Filter>Файлы заголовков</Filter>
    </ClInclude>
    <ClInclude Include="include\libavutil\stereo3d.h">
      <Filter>Файлы заголовков</Filter>
    </ClInclude>
    <ClInclude Include="include\libavutil\tea.h">
      <Filter>Файлы заголовков</Filter>
    </ClInclude>
    <ClInclude Include="include\libavutil\threadmessage.h">
      <Filter>Файлы заголовков</Filter>
    </ClInclude>
    <ClInclude Include="include\libavutil\time.h">
      <Filter>Файлы заголовков</Filter>
    </ClInclude>
    <ClInclude Include="include\libavutil\timecode.h">
      <Filter>Файлы заголовков</Filter>
    </ClInclude>
    <ClInclude Include="include\libavutil\timestamp.h">
      <Filter>Файлы заголовков</Filter>
    </ClInclude>
    <ClInclude Include="include\libavutil\tree.h">
      <Filter>Файлы заголовков</Filter>
    </ClInclude>
    <ClInclude Include="include\libavutil\twofish.h">
      <Filter>Файлы заголовков</Filter>
    </ClInclude>
    <ClInclude Include="include\libavutil\tx.h">
      <Filter>Файлы заголовков</Filter>
    </ClInclude>
    <ClInclude Include="include\libavutil\version.h">
      <Filter>Файлы заголовков</Filter>
    </ClInclude>
    <ClInclude Include="include\libavutil\xtea.h">
      <Filter>Файлы заголовков</Filter>
    </ClInclude>
    <ClInclude Include="include\libpostproc\postprocess.h">
      <Filter>Файлы заголовков</Filter>
    </ClInclude>
    <ClInclude Include="include\libpostproc\version.h">
      <Filter>Файлы заголовков</Filter>
    </ClInclude>
    <ClInclude Include="include\libswresample\swresample.h">
      <Filter>Файлы заголовков</Filter>
    </ClInclude>
    <ClInclude Include="include\libswresample\version.h">
      <Filter>Файлы заголовков</Filter>
    </ClInclude>
    <ClInclude Include="include\libswscale\swscale.h">
      <Filter>Файлы заголовков</Filter>
    </ClInclude>
    <ClInclude Include="include\libswscale\version.h">
      <Filter>Файлы заголовков</Filter>
    </ClInclude>
    <ClInclude Include="include\dirent.h">
      <Filter>Файлы заголовков</Filter>
    </ClInclude>
  </ItemGroup>
  <ItemGroup>
    <Library Include="lib\avcodec.lib" />
    <Library Include="lib\avdevice.lib" />
    <Library Include="lib\avfilter.lib" />
    <Library Include="lib\avformat.lib" />
    <Library Include="lib\avutil.lib" />
    <Library Include="lib\postproc.lib" />
    <Library Include="lib\swresample.lib" />
    <Library Include="lib\swscale.lib" />
  </ItemGroup>
</Project>